
Microsoft Visual Studio Solution File, Format Version 12.00
# Visual Studio Version 17
VisualStudioVersion = 17.7.34221.43
MinimumVisualStudioVersion = 10.0.40219.1
Project("{FAE04EC0-301F-11D3-BF4B-00C04F79EFBC}") = "Demo_Fluint_Api", "Demo_Fluint_Api\Demo_Fluint_Api.csproj", "{AA21AE45-A9F8-4935-A13F-E2DAD05DF784}"
EndProject
Global
	GlobalSection(SolutionConfigurationPlatforms) = preSolution
		Debug|Any CPU = Debug|Any CPU
		Release|Any CPU = Release|Any CPU
	EndGlobalSection
	GlobalSection(ProjectConfigurationPlatforms) = postSolution
		{AA21AE45-A9F8-4935-A13F-E2DAD05DF784}.Debug|Any CPU.ActiveCfg = Debug|Any CPU
		{AA21AE45-A9F8-4935-A13F-E2DAD05DF784}.Debug|Any CPU.Build.0 = Debug|Any CPU
		{AA21AE45-A9F8-4935-A13F-E2DAD05DF784}.Release|Any CPU.ActiveCfg = Release|Any CPU
		{AA21AE45-A9F8-4935-A13F-E2DAD05DF784}.Release|Any CPU.Build.0 = Release|Any CPU
	EndGlobalSection
	GlobalSection(SolutionProperties) = preSolution
		HideSolutionNode = FALSE
	EndGlobalSection
	GlobalSection(ExtensibilityGlobals) = postSolution
		SolutionGuid = {A94106E5-040A-43E5-8CF3-967C34FCE087}
	EndGlobalSection
EndGlobal
